// !$*UTF8*$!
{
	archiveVersion = 1;
	classes = {
	};
	objectVersion = 46;
	objects = {

/* Begin PBXBuildFile section */
		FC5AD21E15BAEFD3006D8C28 /* UIKit.framework in Frameworks */ = {isa = PBXBuildFile; fileRef = FC5AD21D15BAEFD3006D8C28 /* UIKit.framework */; };
		FC5AD22015BAEFD3006D8C28 /* Foundation.framework in Frameworks */ = {isa = PBXBuildFile; fileRef = FC5AD21F15BAEFD3006D8C28 /* Foundation.framework */; };
		FC5AD22215BAEFD3006D8C28 /* CoreGraphics.framework in Frameworks */ = {isa = PBXBuildFile; fileRef = FC5AD22115BAEFD3006D8C28 /* CoreGraphics.framework */; };
		FC5AD22815BAEFD3006D8C28 /* InfoPlist.strings in Resources */ = {isa = PBXBuildFile; fileRef = FC5AD22615BAEFD3006D8C28 /* InfoPlist.strings */; };
		FC5AD22A15BAEFD3006D8C28 /* main.m in Sources */ = {isa = PBXBuildFile; fileRef = FC5AD22915BAEFD3006D8C28 /* main.m */; };
		FC5AD22E15BAEFD3006D8C28 /* AppDelegate.m in Sources */ = {isa = PBXBuildFile; fileRef = FC5AD22D15BAEFD3006D8C28 /* AppDelegate.m */; };
		FC5AD23115BAEFD3006D8C28 /* MainStoryboard.storyboard in Resources */ = {isa = PBXBuildFile; fileRef = FC5AD22F15BAEFD3006D8C28 /* MainStoryboard.storyboard */; };
		FC5AD23415BAEFD3006D8C28 /* ViewController.m in Sources */ = {isa = PBXBuildFile; fileRef = FC5AD23315BAEFD3006D8C28 /* ViewController.m */; };
		FC5AD23C15BAEFD3006D8C28 /* SenTestingKit.framework in Frameworks */ = {isa = PBXBuildFile; fileRef = FC5AD23B15BAEFD3006D8C28 /* SenTestingKit.framework */; };
		FC5AD23D15BAEFD3006D8C28 /* UIKit.framework in Frameworks */ = {isa = PBXBuildFile; fileRef = FC5AD21D15BAEFD3006D8C28 /* UIKit.framework */; };
		FC5AD23E15BAEFD3006D8C28 /* Foundation.framework in Frameworks */ = {isa = PBXBuildFile; fileRef = FC5AD21F15BAEFD3006D8C28 /* Foundation.framework */; };
		FC5AD24615BAEFD3006D8C28 /* InfoPlist.strings in Resources */ = {isa = PBXBuildFile; fileRef = FC5AD24415BAEFD3006D8C28 /* InfoPlist.strings */; };
		FC5AD24915BAEFD3006D8C28 /* DodgeManIITests.m in Sources */ = {isa = PBXBuildFile; fileRef = FC5AD24815BAEFD3006D8C28 /* DodgeManIITests.m */; };
/* End PBXBuildFile section */

/* Begin PBXContainerItemProxy section */
		FC5AD23F15BAEFD3006D8C28 /* PBXContainerItemProxy */ = {
			isa = PBXContainerItemProxy;
			containerPortal = FC5AD21015BAEFD2006D8C28 /* Project object */;
			proxyType = 1;
			remoteGlobalIDString = FC5AD21815BAEFD2006D8C28;
			remoteInfo = DodgeManII;
		};
/* End PBXContainerItemProxy section */

/* Begin PBXFileReference section */
		FC5AD21915BAEFD2006D8C28 /* DodgeManII.app */ = {isa = PBXFileReference; explicitFileType = wrapper.application; includeInIndex = 0; path = DodgeManII.app; sourceTree = BUILT_PRODUCTS_DIR; };
		FC5AD21D15BAEFD3006D8C28 /* UIKit.framework */ = {isa = PBXFileReference; lastKnownFileType = wrapper.framework; name = UIKit.framework; path = System/Library/Frameworks/UIKit.framework; sourceTree = SDKROOT; };
		FC5AD21F15BAEFD3006D8C28 /* Foundation.framework */ = {isa = PBXFileReference; lastKnownFileType = wrapper.framework; name = Foundation.framework; path = System/Library/Frameworks/Foundation.framework; sourceTree = SDKROOT; };
		FC5AD22115BAEFD3006D8C28 /* CoreGraphics.framework */ = {isa = PBXFileReference; lastKnownFileType = wrapper.framework; name = CoreGraphics.framework; path = System/Library/Frameworks/CoreGraphics.framework; sourceTree = SDKROOT; };
		FC5AD22515BAEFD3006D8C28 /* DodgeManII-Info.plist */ = {isa = PBXFileReference; path = "DodgeManII-Info.plist"; sourceTree = "<group>"; };
		FC5AD22715BAEFD3006D8C28 /* en */ = {isa = PBXFileReference; lastKnownFileType = text.plist.strings; name = en; path = en.lproj/InfoPlist.strings; sourceTree = "<group>"; };
		FC5AD22915BAEFD3006D8C28 /* main.m */ = {isa = PBXFileReference; lastKnownFileType = sourcecode.c.objc; path = main.m; sourceTree = "<group>"; };
		FC5AD22B15BAEFD3006D8C28 /* DodgeManII-Prefix.pch */ = {isa = PBXFileReference; path = "DodgeManII-Prefix.pch"; sourceTree = "<group>"; };
		FC5AD22C15BAEFD3006D8C28 /* AppDelegate.h */ = {isa = PBXFileReference; path = AppDelegate.h; sourceTree = "<group>"; };
		FC5AD22D15BAEFD3006D8C28 /* AppDelegate.m */ = {isa = PBXFileReference; lastKnownFileType = sourcecode.c.objc; path = AppDelegate.m; sourceTree = "<group>"; };
		FC5AD23015BAEFD3006D8C28 /* en */ = {isa = PBXFileReference; lastKnownFileType = file.storyboard; name = en; path = en.lproj/MainStoryboard.storyboard; sourceTree = "<group>"; };
		FC5AD23215BAEFD3006D8C28 /* ViewController.h */ = {isa = PBXFileReference; path = ViewController.h; sourceTree = "<group>"; };
		FC5AD23315BAEFD3006D8C28 /* ViewController.m */ = {isa = PBXFileReference; lastKnownFileType = sourcecode.c.objc; path = ViewController.m; sourceTree = "<group>"; };
		FC5AD23A15BAEFD3006D8C28 /* DodgeManIITests.octest */ = {isa = PBXFileReference; explicitFileType = wrapper.cfbundle; includeInIndex = 0; path = DodgeManIITests.octest; sourceTree = BUILT_PRODUCTS_DIR; };
		FC5AD23B15BAEFD3006D8C28 /* SenTestingKit.framework */ = {isa = PBXFileReference; lastKnownFileType = wrapper.framework; name = SenTestingKit.framework; path = Library/Frameworks/SenTestingKit.framework; sourceTree = DEVELOPER_DIR; };
		FC5AD24315BAEFD3006D8C28 /* DodgeManIITests-Info.plist */ = {isa = PBXFileReference; path = "DodgeManIITests-Info.plist"; sourceTree = "<group>"; };
		FC5AD24515BAEFD3006D8C28 /* en */ = {isa = PBXFileReference; lastKnownFileType = text.plist.strings; name = en; path = en.lproj/InfoPlist.strings; sourceTree = "<group>"; };
		FC5AD24715BAEFD3006D8C28 /* DodgeManIITests.h */ = {isa = PBXFileReference; path = DodgeManIITests.h; sourceTree = "<group>"; };
		FC5AD24815BAEFD3006D8C28 /* DodgeManIITests.m */ = {isa = PBXFileReference; lastKnownFileType = sourcecode.c.objc; path = DodgeManIITests.m; sourceTree = "<group>"; };
/* End PBXFileReference section */

/* Begin PBXFrameworksBuildPhase section */
		FC5AD21615BAEFD2006D8C28 /* Frameworks */ = {
			isa = PBXFrameworksBuildPhase;
			buildActionMask = 2147483647;
			files = (
				FC5AD21E15BAEFD3006D8C28 /* UIKit.framework in Frameworks */,
				FC5AD22015BAEFD3006D8C28 /* Foundation.framework in Frameworks */,
				FC5AD22215BAEFD3006D8C28 /* CoreGraphics.framework in Frameworks */,
			);
			runOnlyForDeploymentPostprocessing = 0;
		};
		FC5AD23615BAEFD3006D8C28 /* Frameworks */ = {
			isa = PBXFrameworksBuildPhase;
			buildActionMask = 2147483647;
			files = (
				FC5AD23C15BAEFD3006D8C28 /* SenTestingKit.framework in Frameworks */,
				FC5AD23D15BAEFD3006D8C28 /* UIKit.framework in Frameworks */,
				FC5AD23E15BAEFD3006D8C28 /* Foundation.framework in Frameworks */,
			);
			runOnlyForDeploymentPostprocessing = 0;
		};
/* End PBXFrameworksBuildPhase section */

/* Begin PBXGroup section */
		FC5AD20E15BAEFD2006D8C28 = {
			isa = PBXGroup;
			children = (
				FC5AD22315BAEFD3006D8C28 /* DodgeManII */,
				FC5AD24115BAEFD3006D8C28 /* DodgeManIITests */,
				FC5AD21C15BAEFD2006D8C28 /* Frameworks */,
				FC5AD21A15BAEFD2006D8C28 /* Products */,
			);
			sourceTree = "<group>";
		};
		FC5AD21A15BAEFD2006D8C28 /* Products */ = {
			isa = PBXGroup;
			children = (
				FC5AD21915BAEFD2006D8C28 /* DodgeManII.app */,
				FC5AD23A15BAEFD3006D8C28 /* DodgeManIITests.octest */,
			);
			name = Products;
			sourceTree = "<group>";
		};
		FC5AD21C15BAEFD2006D8C28 /* Frameworks */ = {
			isa = PBXGroup;
			children = (
				FC5AD21D15BAEFD3006D8C28 /* UIKit.framework */,
				FC5AD21F15BAEFD3006D8C28 /* Foundation.framework */,
				FC5AD22115BAEFD3006D8C28 /* CoreGraphics.framework */,
				FC5AD23B15BAEFD3006D8C28 /* SenTestingKit.framework */,
			);
			name = Frameworks;
			sourceTree = "<group>";
		};
		FC5AD22315BAEFD3006D8C28 /* DodgeManII */ = {
			isa = PBXGroup;
			children = (
				FC5AD22C15BAEFD3006D8C28 /* AppDelegate.h */,
				FC5AD22D15BAEFD3006D8C28 /* AppDelegate.m */,
				FC5AD22F15BAEFD3006D8C28 /* MainStoryboard.storyboard */,
				FC5AD23215BAEFD3006D8C28 /* ViewController.h */,
				FC5AD23315BAEFD3006D8C28 /* ViewController.m */,
				FC5AD22415BAEFD3006D8C28 /* Supporting Files */,
			);
			path = DodgeManII;
			sourceTree = "<group>";
		};
		FC5AD22415BAEFD3006D8C28 /* Supporting Files */ = {
			isa = PBXGroup;
			children = (
				FC5AD22515BAEFD3006D8C28 /* DodgeManII-Info.plist */,
				FC5AD22615BAEFD3006D8C28 /* InfoPlist.strings */,
				FC5AD22915BAEFD3006D8C28 /* main.m */,
				FC5AD22B15BAEFD3006D8C28 /* DodgeManII-Prefix.pch */,
			);
			name = "Supporting Files";
			sourceTree = "<group>";
		};
		FC5AD24115BAEFD3006D8C28 /* DodgeManIITests */ = {
			isa = PBXGroup;
			children = (
				FC5AD24715BAEFD3006D8C28 /* DodgeManIITests.h */,
				FC5AD24815BAEFD3006D8C28 /* DodgeManIITests.m */,
				FC5AD24215BAEFD3006D8C28 /* Supporting Files */,
			);
			path = DodgeManIITests;
			sourceTree = "<group>";
		};
		FC5AD24215BAEFD3006D8C28 /* Supporting Files */ = {
			isa = PBXGroup;
			children = (
				FC5AD24315BAEFD3006D8C28 /* DodgeManIITests-Info.plist */,
				FC5AD24415BAEFD3006D8C28 /* InfoPlist.strings */,
			);
			name = "Supporting Files";
			sourceTree = "<group>";
		};
/* End PBXGroup section */

/* Begin PBXNativeTarget section */
		FC5AD21815BAEFD2006D8C28 /* DodgeManII */ = {
			isa = PBXNativeTarget;
			buildConfigurationList = FC5AD24C15BAEFD3006D8C28 /* Build configuration list for PBXNativeTarget "DodgeManII" */;
			buildPhases = (
				FC5AD21515BAEFD2006D8C28 /* Sources */,
				FC5AD21615BAEFD2006D8C28 /* Frameworks */,
				FC5AD21715BAEFD2006D8C28 /* Resources */,
			);
			buildRules = (
			);
			dependencies = (
			);
			name = DodgeManII;
			productName = DodgeManII;
			productReference = FC5AD21915BAEFD2006D8C28 /* DodgeManII.app */;
			productType = "com.apple.product-type.application";
		};
		FC5AD23915BAEFD3006D8C28 /* DodgeManIITests */ = {
			isa = PBXNativeTarget;
			buildConfigurationList = FC5AD24F15BAEFD3006D8C28 /* Build configuration list for PBXNativeTarget "DodgeManIITests" */;
			buildPhases = (
				FC5AD23515BAEFD3006D8C28 /* Sources */,
				FC5AD23615BAEFD3006D8C28 /* Frameworks */,
				FC5AD23715BAEFD3006D8C28 /* Resources */,
				FC5AD23815BAEFD3006D8C28 /* ShellScript */,
			);
			buildRules = (
			);
			dependencies = (
				FC5AD24015BAEFD3006D8C28 /* PBXTargetDependency */,
			);
			name = DodgeManIITests;
			productName = DodgeManIITests;
			productReference = FC5AD23A15BAEFD3006D8C28 /* DodgeManIITests.octest */;
			productType = "com.apple.product-type.bundle";
		};
/* End PBXNativeTarget section */

/* Begin PBXProject section */
		FC5AD21015BAEFD2006D8C28 /* Project object */ = {
			isa = PBXProject;
			attributes = {
				LastUpgradeCheck = 0430;
			};
			buildConfigurationList = FC5AD21315BAEFD2006D8C28 /* Build configuration list for PBXProject "DodgeManII" */;
			compatibilityVersion = "Xcode 3.2";
			developmentRegion = English;
			hasScannedForEncodings = 0;
			knownRegions = (
				en,
			);
			mainGroup = FC5AD20E15BAEFD2006D8C28;
			productRefGroup = FC5AD21A15BAEFD2006D8C28 /* Products */;
			projectDirPath = "";
			projectRoot = "";
			targets = (
				FC5AD21815BAEFD2006D8C28 /* DodgeManII */,
				FC5AD23915BAEFD3006D8C28 /* DodgeManIITests */,
			);
		};
/* End PBXProject section */

/* Begin PBXResourcesBuildPhase section */
		FC5AD21715BAEFD2006D8C28 /* Resources */ = {
			isa = PBXResourcesBuildPhase;
			buildActionMask = 2147483647;
			files = (
				FC5AD22815BAEFD3006D8C28 /* InfoPlist.strings in Resources */,
				FC5AD23115BAEFD3006D8C28 /* MainStoryboard.storyboard in Resources */,
			);
			runOnlyForDeploymentPostprocessing = 0;
		};
		FC5AD23715BAEFD3006D8C28 /* Resources */ = {
			isa = PBXResourcesBuildPhase;
			buildActionMask = 2147483647;
			files = (
				FC5AD24615BAEFD3006D8C28 /* InfoPlist.strings in Resources */,
			);
			runOnlyForDeploymentPostprocessing = 0;
		};
/* End PBXResourcesBuildPhase section */

/* Begin PBXShellScriptBuildPhase section */
		FC5AD23815BAEFD3006D8C28 /* ShellScript */ = {
			isa = PBXShellScriptBuildPhase;
			buildActionMask = 2147483647;
			files = (
			);
			inputPaths = (
			);
			outputPaths = (
			);
			runOnlyForDeploymentPostprocessing = 0;
			shellPath = /bin/sh;
			shellScript = "# Run the unit tests in this test bundle.\n\"${SYSTEM_DEVELOPER_DIR}/Tools/RunUnitTests\"\n";
		};
/* End PBXShellScriptBuildPhase section */

/* Begin PBXSourcesBuildPhase section */
		FC5AD21515BAEFD2006D8C28 /* Sources */ = {
			isa = PBXSourcesBuildPhase;
			buildActionMask = 2147483647;
			files = (
				FC5AD22A15BAEFD3006D8C28 /* main.m in Sources */,
				FC5AD22E15BAEFD3006D8C28 /* AppDelegate.m in Sources */,
				FC5AD23415BAEFD3006D8C28 /* ViewController.m in Sources */,
			);
			runOnlyForDeploymentPostprocessing = 0;
		};
		FC5AD23515BAEFD3006D8C28 /* Sources */ = {
			isa = PBXSourcesBuildPhase;
			buildActionMask = 2147483647;
			files = (
				FC5AD24915BAEFD3006D8C28 /* DodgeManIITests.m in Sources */,
			);
			runOnlyForDeploymentPostprocessing = 0;
		};
/* End PBXSourcesBuildPhase section */

/* Begin PBXTargetDependency section */
		FC5AD24015BAEFD3006D8C28 /* PBXTargetDependency */ = {
			isa = PBXTargetDependency;
			target = FC5AD21815BAEFD2006D8C28 /* DodgeManII */;
			targetProxy = FC5AD23F15BAEFD3006D8C28 /* PBXContainerItemProxy */;
		};
/* End PBXTargetDependency section */

/* Begin PBXVariantGroup section */
		FC5AD22615BAEFD3006D8C28 /* InfoPlist.strings */ = {
			isa = PBXVariantGroup;
			children = (
				FC5AD22715BAEFD3006D8C28 /* en */,
			);
			name = InfoPlist.strings;
			sourceTree = "<group>";
		};
		FC5AD22F15BAEFD3006D8C28 /* MainStoryboard.storyboard */ = {
			isa = PBXVariantGroup;
			children = (
				FC5AD23015BAEFD3006D8C28 /* en */,
			);
			name = MainStoryboard.storyboard;
			sourceTree = "<group>";
		};
		FC5AD24415BAEFD3006D8C28 /* InfoPlist.strings */ = {
			isa = PBXVariantGroup;
			children = (
				FC5AD24515BAEFD3006D8C28 /* en */,
			);
			name = InfoPlist.strings;
			sourceTree = "<group>";
		};
/* End PBXVariantGroup section */

/* Begin XCBuildConfiguration section */
		FC5AD24A15BAEFD3006D8C28 /* Debug */ = {
			isa = XCBuildConfiguration;
			buildSettings = {
				ALWAYS_SEARCH_USER_PATHS = NO;
				ARCHS = "$(ARCHS_STANDARD_32_BIT)";
				CLANG_ENABLE_OBJC_ARC = YES;
				"CODE_SIGN_IDENTITY[sdk=iphoneos*]" = "iPhone Developer";
				COPY_PHASE_STRIP = NO;
				GCC_C_LANGUAGE_STANDARD = gnu99;
				GCC_DYNAMIC_NO_PIC = NO;
				GCC_OPTIMIZATION_LEVEL = 0;
				GCC_PREPROCESSOR_DEFINITIONS = (
					"DEBUG=1",
					"$(inherited)",
				);
				GCC_SYMBOLS_PRIVATE_EXTERN = NO;
				GCC_VERSION = com.apple.compilers.llvm.clang.1_0;
				GCC_WARN_ABOUT_RETURN_TYPE = YES;
				GCC_WARN_UNINITIALIZED_AUTOS = YES;
				GCC_WARN_UNUSED_VARIABLE = YES;
				IPHONEOS_DEPLOYMENT_TARGET = 5.1;
				SDKROOT = iphoneos;
			};
			name = Debug;
		};
		FC5AD24B15BAEFD3006D8C28 /* Release */ = {
			isa = XCBuildConfiguration;
			buildSettings = {
				ALWAYS_SEARCH_USER_PATHS = NO;
				ARCHS = "$(ARCHS_STANDARD_32_BIT)";
				CLANG_ENABLE_OBJC_ARC = YES;
				"CODE_SIGN_IDENTITY[sdk=iphoneos*]" = "iPhone Developer";
				COPY_PHASE_STRIP = YES;
				GCC_C_LANGUAGE_STANDARD = gnu99;
				GCC_VERSION = com.apple.compilers.llvm.clang.1_0;
				GCC_WARN_ABOUT_RETURN_TYPE = YES;
				GCC_WARN_UNINITIALIZED_AUTOS = YES;
				GCC_WARN_UNUSED_VARIABLE = YES;
				IPHONEOS_DEPLOYMENT_TARGET = 5.1;
				OTHER_CFLAGS = "-DNS_BLOCK_ASSERTIONS=1";
				SDKROOT = iphoneos;
				VALIDATE_PRODUCT = YES;
			};
			name = Release;
		};
		FC5AD24D15BAEFD3006D8C28 /* Debug */ = {
			isa = XCBuildConfiguration;
			buildSettings = {
				GCC_PRECOMPILE_PREFIX_HEADER = YES;
				GCC_PREFIX_HEADER = "DodgeManII/DodgeManII-Prefix.pch";
				INFOPLIST_FILE = "DodgeManII/DodgeManII-Info.plist";
				PRODUCT_NAME = "$(TARGET_NAME)";
				WRAPPER_EXTENSION = app;
			};
			name = Debug;
		};
		FC5AD24E15BAEFD3006D8C28 /* Release */ = {
			isa = XCBuildConfiguration;
			buildSettings = {
				GCC_PRECOMPILE_PREFIX_HEADER = YES;
				GCC_PREFIX_HEADER = "DodgeManII/DodgeManII-Prefix.pch";
				INFOPLIST_FILE = "DodgeManII/DodgeManII-Info.plist";
				PRODUCT_NAME = "$(TARGET_NAME)";
				WRAPPER_EXTENSION = app;
			};
			name = Release;
		};
		FC5AD25015BAEFD3006D8C28 /* Debug */ = {
			isa = XCBuildConfiguration;
			buildSettings = {
				BUNDLE_LOADER = "$(BUILT_PRODUCTS_DIR)/DodgeManII.app/DodgeManII";
				FRAMEWORK_SEARCH_PATHS = (
					"$(SDKROOT)/Developer/Library/Frameworks",
					"$(DEVELOPER_LIBRARY_DIR)/Frameworks",
				);
				GCC_PRECOMPILE_PREFIX_HEADER = YES;
				GCC_PREFIX_HEADER = "DodgeManII/DodgeManII-Prefix.pch";
				INFOPLIST_FILE = "DodgeManIITests/DodgeManIITests-Info.plist";
				PRODUCT_NAME = "$(TARGET_NAME)";
				TEST_HOST = "$(BUNDLE_LOADER)";
				WRAPPER_EXTENSION = octest;
			};
			name = Debug;
		};
		FC5AD25115BAEFD3006D8C28 /* Release */ = {
			isa = XCBuildConfiguration;
			buildSettings = {
				BUNDLE_LOADER = "$(BUILT_PRODUCTS_DIR)/DodgeManII.app/DodgeManII";
				FRAMEWORK_SEARCH_PATHS = (
					"$(SDKROOT)/Developer/Library/Frameworks",
					"$(DEVELOPER_LIBRARY_DIR)/Frameworks",
				);
				GCC_PRECOMPILE_PREFIX_HEADER = YES;
				GCC_PREFIX_HEADER = "DodgeManII/DodgeManII-Prefix.pch";
				INFOPLIST_FILE = "DodgeManIITests/DodgeManIITests-Info.plist";
				PRODUCT_NAME = "$(TARGET_NAME)";
				TEST_HOST = "$(BUNDLE_LOADER)";
				WRAPPER_EXTENSION = octest;
			};
			name = Release;
		};
/* End XCBuildConfiguration section */

/* Begin XCConfigurationList section */
		FC5AD21315BAEFD2006D8C28 /* Build configuration list for PBXProject "DodgeManII" */ = {
			isa = XCConfigurationList;
			buildConfigurations = (
				FC5AD24A15BAEFD3006D8C28 /* Debug */,
				FC5AD24B15BAEFD3006D8C28 /* Release */,
			);
			defaultConfigurationIsVisible = 0;
			defaultConfigurationName = Release;
		};
		FC5AD24C15BAEFD3006D8C28 /* Build configuration list for PBXNativeTarget "DodgeManII" */ = {
			isa = XCConfigurationList;
			buildConfigurations = (
				FC5AD24D15BAEFD3006D8C28 /* Debug */,
				FC5AD24E15BAEFD3006D8C28 /* Release */,
			);
			defaultConfigurationIsVisible = 0;
		};
		FC5AD24F15BAEFD3006D8C28 /* Build configuration list for PBXNativeTarget "DodgeManIITests" */ = {
			isa = XCConfigurationList;
			buildConfigurations = (
				FC5AD25015BAEFD3006D8C28 /* Debug */,
				FC5AD25115BAEFD3006D8C28 /* Release */,
			);
			defaultConfigurationIsVisible = 0;
		};
/* End XCConfigurationList section */
	};
	rootObject = FC5AD21015BAEFD2006D8C28 /* Project object */;
}
